// !$*UTF8*$!
{
	archiveVersion = 1;
	classes = {
	};
	objectVersion = 46;
	objects = {

/* Begin PBXBuildFile section */
		5580653515523BFD00821FB6 /* ParsingData.m in Sources */ = {isa = PBXBuildFile; fileRef = 5580653415523BFC00821FB6 /* ParsingData.m */; };
		5580654D1553B91C00821FB6 /* Places.m in Sources */ = {isa = PBXBuildFile; fileRef = 5580654C1553B91C00821FB6 /* Places.m */; };
		55E8DD4B1551231D00B1B9B4 /* UIKit.framework in Frameworks */ = {isa = PBXBuildFile; fileRef = 55E8DD4A1551231D00B1B9B4 /* UIKit.framework */; };
		55E8DD4D1551231D00B1B9B4 /* Foundation.framework in Frameworks */ = {isa = PBXBuildFile; fileRef = 55E8DD4C1551231D00B1B9B4 /* Foundation.framework */; };
		55E8DD4F1551231D00B1B9B4 /* CoreGraphics.framework in Frameworks */ = {isa = PBXBuildFile; fileRef = 55E8DD4E1551231D00B1B9B4 /* CoreGraphics.framework */; };
		55E8DD551551231D00B1B9B4 /* InfoPlist.strings in Resources */ = {isa = PBXBuildFile; fileRef = 55E8DD531551231D00B1B9B4 /* InfoPlist.strings */; };
		55E8DD571551231D00B1B9B4 /* main.m in Sources */ = {isa = PBXBuildFile; fileRef = 55E8DD561551231D00B1B9B4 /* main.m */; };
		55E8DD5B1551231D00B1B9B4 /* ParseSiteAppDelegate.m in Sources */ = {isa = PBXBuildFile; fileRef = 55E8DD5A1551231D00B1B9B4 /* ParseSiteAppDelegate.m */; };
		55E8DD5E1551231D00B1B9B4 /* ParseSiteViewController.m in Sources */ = {isa = PBXBuildFile; fileRef = 55E8DD5D1551231D00B1B9B4 /* ParseSiteViewController.m */; };
		55E8DD611551231D00B1B9B4 /* ParseSiteViewController.xib in Resources */ = {isa = PBXBuildFile; fileRef = 55E8DD5F1551231D00B1B9B4 /* ParseSiteViewController.xib */; };
		55E8DD6A155124A500B1B9B4 /* Parse.framework in Frameworks */ = {isa = PBXBuildFile; fileRef = 55E8DD69155124A500B1B9B4 /* Parse.framework */; };
		55E8DD6C155124D300B1B9B4 /* AudioToolbox.framework in Frameworks */ = {isa = PBXBuildFile; fileRef = 55E8DD6B155124D300B1B9B4 /* AudioToolbox.framework */; };
		55E8DD6E155124DC00B1B9B4 /* CFNetwork.framework in Frameworks */ = {isa = PBXBuildFile; fileRef = 55E8DD6D155124DC00B1B9B4 /* CFNetwork.framework */; };
		55E8DD70155124E300B1B9B4 /* SystemConfiguration.framework in Frameworks */ = {isa = PBXBuildFile; fileRef = 55E8DD6F155124E300B1B9B4 /* SystemConfiguration.framework */; };
		55E8DD72155124EA00B1B9B4 /* MobileCoreServices.framework in Frameworks */ = {isa = PBXBuildFile; fileRef = 55E8DD71155124EA00B1B9B4 /* MobileCoreServices.framework */; };
		55E8DD74155124F500B1B9B4 /* libz.1.1.3.dylib in Frameworks */ = {isa = PBXBuildFile; fileRef = 55E8DD73155124F500B1B9B4 /* libz.1.1.3.dylib */; };
		55E8DD76155124FE00B1B9B4 /* Security.framework in Frameworks */ = {isa = PBXBuildFile; fileRef = 55E8DD75155124FE00B1B9B4 /* Security.framework */; };
		55E8DD781551250800B1B9B4 /* QuartzCore.framework in Frameworks */ = {isa = PBXBuildFile; fileRef = 55E8DD771551250800B1B9B4 /* QuartzCore.framework */; };
		55E8DD7A15514FE300B1B9B4 /* CoreData.framework in Frameworks */ = {isa = PBXBuildFile; fileRef = 55E8DD7915514FE300B1B9B4 /* CoreData.framework */; };
		55E8DD7E1551510F00B1B9B4 /* Places.xcdatamodeld in Sources */ = {isa = PBXBuildFile; fileRef = 55E8DD7C1551510F00B1B9B4 /* Places.xcdatamodeld */; };
/* End PBXBuildFile section */

/* Begin PBXFileReference section */
		5580653315523BFC00821FB6 /* ParsingData.h */ = {isa = PBXFileReference; fileEncoding = 4; lastKnownFileType = sourcecode.c.h; path = ParsingData.h; sourceTree = "<group>"; };
		5580653415523BFC00821FB6 /* ParsingData.m */ = {isa = PBXFileReference; fileEncoding = 4; lastKnownFileType = sourcecode.c.objc; path = ParsingData.m; sourceTree = "<group>"; };
		5580654B1553B91C00821FB6 /* Places.h */ = {isa = PBXFileReference; fileEncoding = 4; lastKnownFileType = sourcecode.c.h; path = Places.h; sourceTree = "<group>"; };
		5580654C1553B91C00821FB6 /* Places.m */ = {isa = PBXFileReference; fileEncoding = 4; lastKnownFileType = sourcecode.c.objc; path = Places.m; sourceTree = "<group>"; };
		55E8DD461551231D00B1B9B4 /* ParseSite.app */ = {isa = PBXFileReference; explicitFileType = wrapper.application; includeInIndex = 0; path = ParseSite.app; sourceTree = BUILT_PRODUCTS_DIR; };
		55E8DD4A1551231D00B1B9B4 /* UIKit.framework */ = {isa = PBXFileReference; lastKnownFileType = wrapper.framework; name = UIKit.framework; path = System/Library/Frameworks/UIKit.framework; sourceTree = SDKROOT; };
		55E8DD4C1551231D00B1B9B4 /* Foundation.framework */ = {isa = PBXFileReference; lastKnownFileType = wrapper.framework; name = Foundation.framework; path = System/Library/Frameworks/Foundation.framework; sourceTree = SDKROOT; };
		55E8DD4E1551231D00B1B9B4 /* CoreGraphics.framework */ = {isa = PBXFileReference; lastKnownFileType = wrapper.framework; name = CoreGraphics.framework; path = System/Library/Frameworks/CoreGraphics.framework; sourceTree = SDKROOT; };
		55E8DD521551231D00B1B9B4 /* ParseSite-Info.plist */ = {isa = PBXFileReference; lastKnownFileType = text.plist.xml; path = "ParseSite-Info.plist"; sourceTree = "<group>"; };
		55E8DD541551231D00B1B9B4 /* en */ = {isa = PBXFileReference; lastKnownFileType = text.plist.strings; name = en; path = en.lproj/InfoPlist.strings; sourceTree = "<group>"; };
		55E8DD561551231D00B1B9B4 /* main.m */ = {isa = PBXFileReference; lastKnownFileType = sourcecode.c.objc; path = main.m; sourceTree = "<group>"; };
		55E8DD581551231D00B1B9B4 /* ParseSite-Prefix.pch */ = {isa = PBXFileReference; lastKnownFileType = sourcecode.c.h; path = "ParseSite-Prefix.pch"; sourceTree = "<group>"; };
		55E8DD591551231D00B1B9B4 /* ParseSiteAppDelegate.h */ = {isa = PBXFileReference; lastKnownFileType = sourcecode.c.h; path = ParseSiteAppDelegate.h; sourceTree = "<group>"; };
		55E8DD5A1551231D00B1B9B4 /* ParseSiteAppDelegate.m */ = {isa = PBXFileReference; lastKnownFileType = sourcecode.c.objc; path = ParseSiteAppDelegate.m; sourceTree = "<group>"; };
		55E8DD5C1551231D00B1B9B4 /* ParseSiteViewController.h */ = {isa = PBXFileReference; lastKnownFileType = sourcecode.c.h; path = ParseSiteViewController.h; sourceTree = "<group>"; };
		55E8DD5D1551231D00B1B9B4 /* ParseSiteViewController.m */ = {isa = PBXFileReference; lastKnownFileType = sourcecode.c.objc; path = ParseSiteViewController.m; sourceTree = "<group>"; };
		55E8DD601551231D00B1B9B4 /* en */ = {isa = PBXFileReference; lastKnownFileType = file.xib; name = en; path = en.lproj/ParseSiteViewController.xib; sourceTree = "<group>"; };
		55E8DD69155124A500B1B9B4 /* Parse.framework */ = {isa = PBXFileReference; lastKnownFileType = wrapper.framework; path = Parse.framework; sourceTree = "<group>"; };
		55E8DD6B155124D300B1B9B4 /* AudioToolbox.framework */ = {isa = PBXFileReference; lastKnownFileType = wrapper.framework; name = AudioToolbox.framework; path = System/Library/Frameworks/AudioToolbox.framework; sourceTree = SDKROOT; };
		55E8DD6D155124DC00B1B9B4 /* CFNetwork.framework */ = {isa = PBXFileReference; lastKnownFileType = wrapper.framework; name = CFNetwork.framework; path = System/Library/Frameworks/CFNetwork.framework; sourceTree = SDKROOT; };
		55E8DD6F155124E300B1B9B4 /* SystemConfiguration.framework */ = {isa = PBXFileReference; lastKnownFileType = wrapper.framework; name = SystemConfiguration.framework; path = System/Library/Frameworks/SystemConfiguration.framework; sourceTree = SDKROOT; };
		55E8DD71155124EA00B1B9B4 /* MobileCoreServices.framework */ = {isa = PBXFileReference; lastKnownFileType = wrapper.framework; name = MobileCoreServices.framework; path = System/Library/Frameworks/MobileCoreServices.framework; sourceTree = SDKROOT; };
		55E8DD73155124F500B1B9B4 /* libz.1.1.3.dylib */ = {isa = PBXFileReference; lastKnownFileType = "compiled.mach-o.dylib"; name = libz.1.1.3.dylib; path = usr/lib/libz.1.1.3.dylib; sourceTree = SDKROOT; };
		55E8DD75155124FE00B1B9B4 /* Security.framework */ = {isa = PBXFileReference; lastKnownFileType = wrapper.framework; name = Security.framework; path = System/Library/Frameworks/Security.framework; sourceTree = SDKROOT; };
		55E8DD771551250800B1B9B4 /* QuartzCore.framework */ = {isa = PBXFileReference; lastKnownFileType = wrapper.framework; name = QuartzCore.framework; path = System/Library/Frameworks/QuartzCore.framework; sourceTree = SDKROOT; };
		55E8DD7915514FE300B1B9B4 /* CoreData.framework */ = {isa = PBXFileReference; lastKnownFileType = wrapper.framework; name = CoreData.framework; path = System/Library/Frameworks/CoreData.framework; sourceTree = SDKROOT; };
		55E8DD7D1551510F00B1B9B4 /* Places.xcdatamodel */ = {isa = PBXFileReference; lastKnownFileType = wrapper.xcdatamodel; path = Places.xcdatamodel; sourceTree = "<group>"; };
/* End PBXFileReference section */

/* Begin PBXFrameworksBuildPhase section */
		55E8DD431551231C00B1B9B4 /* Frameworks */ = {
			isa = PBXFrameworksBuildPhase;
			buildActionMask = 2147483647;
			files = (
				55E8DD7A15514FE300B1B9B4 /* CoreData.framework in Frameworks */,
				55E8DD781551250800B1B9B4 /* QuartzCore.framework in Frameworks */,
				55E8DD76155124FE00B1B9B4 /* Security.framework in Frameworks */,
				55E8DD74155124F500B1B9B4 /* libz.1.1.3.dylib in Frameworks */,
				55E8DD72155124EA00B1B9B4 /* MobileCoreServices.framework in Frameworks */,
				55E8DD70155124E300B1B9B4 /* SystemConfiguration.framework in Frameworks */,
				55E8DD6E155124DC00B1B9B4 /* CFNetwork.framework in Frameworks */,
				55E8DD6C155124D300B1B9B4 /* AudioToolbox.framework in Frameworks */,
				55E8DD4B1551231D00B1B9B4 /* UIKit.framework in Frameworks */,
				55E8DD4D1551231D00B1B9B4 /* Foundation.framework in Frameworks */,
				55E8DD4F1551231D00B1B9B4 /* CoreGraphics.framework in Frameworks */,
				55E8DD6A155124A500B1B9B4 /* Parse.framework in Frameworks */,
			);
			runOnlyForDeploymentPostprocessing = 0;
		};
/* End PBXFrameworksBuildPhase section */

/* Begin PBXGroup section */
		55E8DD3B1551231C00B1B9B4 = {
			isa = PBXGroup;
			children = (
				55E8DD501551231D00B1B9B4 /* ParseSite */,
				55E8DD491551231D00B1B9B4 /* Frameworks */,
				55E8DD471551231D00B1B9B4 /* Products */,
			);
			sourceTree = "<group>";
		};
		55E8DD471551231D00B1B9B4 /* Products */ = {
			isa = PBXGroup;
			children = (
				55E8DD461551231D00B1B9B4 /* ParseSite.app */,
			);
			name = Products;
			sourceTree = "<group>";
		};
		55E8DD491551231D00B1B9B4 /* Frameworks */ = {
			isa = PBXGroup;
			children = (
				55E8DD7915514FE300B1B9B4 /* CoreData.framework */,
				55E8DD771551250800B1B9B4 /* QuartzCore.framework */,
				55E8DD75155124FE00B1B9B4 /* Security.framework */,
				55E8DD73155124F500B1B9B4 /* libz.1.1.3.dylib */,
				55E8DD71155124EA00B1B9B4 /* MobileCoreServices.framework */,
				55E8DD6F155124E300B1B9B4 /* SystemConfiguration.framework */,
				55E8DD6D155124DC00B1B9B4 /* CFNetwork.framework */,
				55E8DD6B155124D300B1B9B4 /* AudioToolbox.framework */,
				55E8DD69155124A500B1B9B4 /* Parse.framework */,
				55E8DD4A1551231D00B1B9B4 /* UIKit.framework */,
				55E8DD4C1551231D00B1B9B4 /* Foundation.framework */,
				55E8DD4E1551231D00B1B9B4 /* CoreGraphics.framework */,
			);
			name = Frameworks;
			sourceTree = "<group>";
		};
		55E8DD501551231D00B1B9B4 /* ParseSite */ = {
			isa = PBXGroup;
			children = (
				55E8DD7B155150E800B1B9B4 /* Model */,
				55E8DD591551231D00B1B9B4 /* ParseSiteAppDelegate.h */,
				55E8DD5A1551231D00B1B9B4 /* ParseSiteAppDelegate.m */,
				55E8DD5C1551231D00B1B9B4 /* ParseSiteViewController.h */,
				55E8DD5D1551231D00B1B9B4 /* ParseSiteViewController.m */,
				5580653315523BFC00821FB6 /* ParsingData.h */,
				5580653415523BFC00821FB6 /* ParsingData.m */,
				55E8DD5F1551231D00B1B9B4 /* ParseSiteViewController.xib */,
				55E8DD511551231D00B1B9B4 /* Supporting Files */,
			);
			path = ParseSite;
			sourceTree = "<group>";
		};
		55E8DD511551231D00B1B9B4 /* Supporting Files */ = {
			isa = PBXGroup;
			children = (
				55E8DD521551231D00B1B9B4 /* ParseSite-Info.plist */,
				55E8DD531551231D00B1B9B4 /* InfoPlist.strings */,
				55E8DD561551231D00B1B9B4 /* main.m */,
				55E8DD581551231D00B1B9B4 /* ParseSite-Prefix.pch */,
			);
			name = "Supporting Files";
			sourceTree = "<group>";
		};
		55E8DD7B155150E800B1B9B4 /* Model */ = {
			isa = PBXGroup;
			children = (
				55E8DD7C1551510F00B1B9B4 /* Places.xcdatamodeld */,
				5580654B1553B91C00821FB6 /* Places.h */,
				5580654C1553B91C00821FB6 /* Places.m */,
			);
			name = Model;
			sourceTree = "<group>";
		};
/* End PBXGroup section */

/* Begin PBXNativeTarget section */
		55E8DD451551231C00B1B9B4 /* ParseSite */ = {
			isa = PBXNativeTarget;
			buildConfigurationList = 55E8DD641551231D00B1B9B4 /* Build configuration list for PBXNativeTarget "ParseSite" */;
			buildPhases = (
				55E8DD421551231C00B1B9B4 /* Sources */,
				55E8DD431551231C00B1B9B4 /* Frameworks */,
				55E8DD441551231C00B1B9B4 /* Resources */,
			);
			buildRules = (
			);
			dependencies = (
			);
			name = ParseSite;
			productName = ParseSite;
			productReference = 55E8DD461551231D00B1B9B4 /* ParseSite.app */;
			productType = "com.apple.product-type.application";
		};
/* End PBXNativeTarget section */

/* Begin PBXProject section */
		55E8DD3D1551231C00B1B9B4 /* Project object */ = {
			isa = PBXProject;
			attributes = {
				LastUpgradeCheck = 0420;
			};
			buildConfigurationList = 55E8DD401551231C00B1B9B4 /* Build configuration list for PBXProject "ParseSite" */;
			compatibilityVersion = "Xcode 3.2";
			developmentRegion = English;
			hasScannedForEncodings = 0;
			knownRegions = (
				en,
			);
			mainGroup = 55E8DD3B1551231C00B1B9B4;
			productRefGroup = 55E8DD471551231D00B1B9B4 /* Products */;
			projectDirPath = "";
			projectRoot = "";
			targets = (
				55E8DD451551231C00B1B9B4 /* ParseSite */,
			);
		};
/* End PBXProject section */

/* Begin PBXResourcesBuildPhase section */
		55E8DD441551231C00B1B9B4 /* Resources */ = {
			isa = PBXResourcesBuildPhase;
			buildActionMask = 2147483647;
			files = (
				55E8DD551551231D00B1B9B4 /* InfoPlist.strings in Resources */,
				55E8DD611551231D00B1B9B4 /* ParseSiteViewController.xib in Resources */,
			);
			runOnlyForDeploymentPostprocessing = 0;
		};
/* End PBXResourcesBuildPhase section */

/* Begin PBXSourcesBuildPhase section */
		55E8DD421551231C00B1B9B4 /* Sources */ = {
			isa = PBXSourcesBuildPhase;
			buildActionMask = 2147483647;
			files = (
				55E8DD571551231D00B1B9B4 /* main.m in Sources */,
				55E8DD5B1551231D00B1B9B4 /* ParseSiteAppDelegate.m in Sources */,
				55E8DD5E1551231D00B1B9B4 /* ParseSiteViewController.m in Sources */,
				55E8DD7E1551510F00B1B9B4 /* Places.xcdatamodeld in Sources */,
				5580653515523BFD00821FB6 /* ParsingData.m in Sources */,
				5580654D1553B91C00821FB6 /* Places.m in Sources */,
			);
			runOnlyForDeploymentPostprocessing = 0;
		};
/* End PBXSourcesBuildPhase section */

/* Begin PBXVariantGroup section */
		55E8DD531551231D00B1B9B4 /* InfoPlist.strings */ = {
			isa = PBXVariantGroup;
			children = (
				55E8DD541551231D00B1B9B4 /* en */,
			);
			name = InfoPlist.strings;
			sourceTree = "<group>";
		};
		55E8DD5F1551231D00B1B9B4 /* ParseSiteViewController.xib */ = {
			isa = PBXVariantGroup;
			children = (
				55E8DD601551231D00B1B9B4 /* en */,
			);
			name = ParseSiteViewController.xib;
			sourceTree = "<group>";
		};
/* End PBXVariantGroup section */

/* Begin XCBuildConfiguration section */
		55E8DD621551231D00B1B9B4 /* Debug */ = {
			isa = XCBuildConfiguration;
			buildSettings = {
				ALWAYS_SEARCH_USER_PATHS = NO;
				ARCHS = "$(ARCHS_STANDARD_32_BIT)";
				CLANG_ENABLE_OBJC_ARC = YES;
				"CODE_SIGN_IDENTITY[sdk=iphoneos*]" = "iPhone Developer";
				COPY_PHASE_STRIP = NO;
				GCC_C_LANGUAGE_STANDARD = gnu99;
				GCC_DYNAMIC_NO_PIC = NO;
				GCC_OPTIMIZATION_LEVEL = 0;
				GCC_PREPROCESSOR_DEFINITIONS = (
					"DEBUG=1",
					"$(inherited)",
				);
				GCC_SYMBOLS_PRIVATE_EXTERN = NO;
				GCC_VERSION = com.apple.compilers.llvm.clang.1_0;
				GCC_WARN_ABOUT_MISSING_PROTOTYPES = YES;
				GCC_WARN_ABOUT_RETURN_TYPE = YES;
				GCC_WARN_UNUSED_VARIABLE = YES;
				IPHONEOS_DEPLOYMENT_TARGET = 5.0;
				SDKROOT = iphoneos;
			};
			name = Debug;
		};
		55E8DD631551231D00B1B9B4 /* Release */ = {
			isa = XCBuildConfiguration;
			buildSettings = {
				ALWAYS_SEARCH_USER_PATHS = NO;
				ARCHS = "$(ARCHS_STANDARD_32_BIT)";
				CLANG_ENABLE_OBJC_ARC = YES;
				"CODE_SIGN_IDENTITY[sdk=iphoneos*]" = "iPhone Developer";
				COPY_PHASE_STRIP = YES;
				GCC_C_LANGUAGE_STANDARD = gnu99;
				GCC_VERSION = com.apple.compilers.llvm.clang.1_0;
				GCC_WARN_ABOUT_MISSING_PROTOTYPES = YES;
				GCC_WARN_ABOUT_RETURN_TYPE = YES;
				GCC_WARN_UNUSED_VARIABLE = YES;
				IPHONEOS_DEPLOYMENT_TARGET = 5.0;
				OTHER_CFLAGS = "-DNS_BLOCK_ASSERTIONS=1";
				SDKROOT = iphoneos;
				VALIDATE_PRODUCT = YES;
			};
			name = Release;
		};
		55E8DD651551231D00B1B9B4 /* Debug */ = {
			isa = XCBuildConfiguration;
			buildSettings = {
				FRAMEWORK_SEARCH_PATHS = (
					"$(inherited)",
					"\"$(SRCROOT)\"",
				);
				GCC_PRECOMPILE_PREFIX_HEADER = YES;
				GCC_PREFIX_HEADER = "ParseSite/ParseSite-Prefix.pch";
				INFOPLIST_FILE = "ParseSite/ParseSite-Info.plist";
				OTHER_LDFLAGS = "-fobjc-arc";
				PRODUCT_NAME = "$(TARGET_NAME)";
				WRAPPER_EXTENSION = app;
			};
			name = Debug;
		};
		55E8DD661551231D00B1B9B4 /* Release */ = {
			isa = XCBuildConfiguration;
			buildSettings = {
				FRAMEWORK_SEARCH_PATHS = (
					"$(inherited)",
					"\"$(SRCROOT)\"",
				);
				GCC_PRECOMPILE_PREFIX_HEADER = YES;
				GCC_PREFIX_HEADER = "ParseSite/ParseSite-Prefix.pch";
				INFOPLIST_FILE = "ParseSite/ParseSite-Info.plist";
				OTHER_LDFLAGS = "-fobjc-arc";
				PRODUCT_NAME = "$(TARGET_NAME)";
				WRAPPER_EXTENSION = app;
			};
			name = Release;
		};
/* End XCBuildConfiguration section */

/* Begin XCConfigurationList section */
		55E8DD401551231C00B1B9B4 /* Build configuration list for PBXProject "ParseSite" */ = {
			isa = XCConfigurationList;
			buildConfigurations = (
				55E8DD621551231D00B1B9B4 /* Debug */,
				55E8DD631551231D00B1B9B4 /* Release */,
			);
			defaultConfigurationIsVisible = 0;
			defaultConfigurationName = Release;
		};
		55E8DD641551231D00B1B9B4 /* Build configuration list for PBXNativeTarget "ParseSite" */ = {
			isa = XCConfigurationList;
			buildConfigurations = (
				55E8DD651551231D00B1B9B4 /* Debug */,
				55E8DD661551231D00B1B9B4 /* Release */,
			);
			defaultConfigurationIsVisible = 0;
			defaultConfigurationName = Release;
		};
/* End XCConfigurationList section */

/* Begin XCVersionGroup section */
		55E8DD7C1551510F00B1B9B4 /* Places.xcdatamodeld */ = {
			isa = XCVersionGroup;
			children = (
				55E8DD7D1551510F00B1B9B4 /* Places.xcdatamodel */,
			);
			currentVersion = 55E8DD7D1551510F00B1B9B4 /* Places.xcdatamodel */;
			path = Places.xcdatamodeld;
			sourceTree = "<group>";
			versionGroupType = wrapper.xcdatamodel;
		};
/* End XCVersionGroup section */
	};
	rootObject = 55E8DD3D1551231C00B1B9B4 /* Project object */;
}
